// !$*UTF8*$!
{
	archiveVersion = 1;
	classes = {
	};
	objectVersion = 46;
	objects = {

/* Begin PBXBuildFile section */
		7B4D2EB61CB65229004440E9 /* main.m in Sources */ = {isa = PBXBuildFile; fileRef = 7B4D2EB51CB65229004440E9 /* main.m */; };
		7B4D2EB91CB65229004440E9 /* AppDelegate.m in Sources */ = {isa = PBXBuildFile; fileRef = 7B4D2EB81CB65229004440E9 /* AppDelegate.m */; };
		7B4D2EBB1CB65229004440E9 /* Assets.xcassets in Resources */ = {isa = PBXBuildFile; fileRef = 7B4D2EBA1CB65229004440E9 /* Assets.xcassets */; };
		7B4D2EBE1CB65229004440E9 /* LaunchScreen.storyboard in Resources */ = {isa = PBXBuildFile; fileRef = 7B4D2EBC1CB65229004440E9 /* LaunchScreen.storyboard */; };
		7B4D2EC91CB6522A004440E9 /* FMDBsaveTests.m in Sources */ = {isa = PBXBuildFile; fileRef = 7B4D2EC81CB6522A004440E9 /* FMDBsaveTests.m */; };
		7B4D2ED41CB6522A004440E9 /* FMDBsaveUITests.m in Sources */ = {isa = PBXBuildFile; fileRef = 7B4D2ED31CB6522A004440E9 /* FMDBsaveUITests.m */; };
		7B4D2EEE1CB65287004440E9 /* FMDatabase.m in Sources */ = {isa = PBXBuildFile; fileRef = 7B4D2EE31CB65287004440E9 /* FMDatabase.m */; };
		7B4D2EEF1CB65287004440E9 /* FMDatabaseAdditions.m in Sources */ = {isa = PBXBuildFile; fileRef = 7B4D2EE51CB65287004440E9 /* FMDatabaseAdditions.m */; };
		7B4D2EF01CB65287004440E9 /* FMDatabasePool.m in Sources */ = {isa = PBXBuildFile; fileRef = 7B4D2EE71CB65287004440E9 /* FMDatabasePool.m */; };
		7B4D2EF11CB65287004440E9 /* FMDatabaseQueue.m in Sources */ = {isa = PBXBuildFile; fileRef = 7B4D2EE91CB65287004440E9 /* FMDatabaseQueue.m */; };
		7B4D2EF21CB65287004440E9 /* FMResultSet.m in Sources */ = {isa = PBXBuildFile; fileRef = 7B4D2EEC1CB65287004440E9 /* FMResultSet.m */; };
		7B4D2EF31CB65287004440E9 /* Info.plist in Resources */ = {isa = PBXBuildFile; fileRef = 7B4D2EED1CB65287004440E9 /* Info.plist */; };
		7B4D2EF51CB6529D004440E9 /* Main.storyboard in Resources */ = {isa = PBXBuildFile; fileRef = 7B4D2EF41CB6529D004440E9 /* Main.storyboard */; };
		7B4D2EF81CB652AB004440E9 /* HomeViewController.m in Sources */ = {isa = PBXBuildFile; fileRef = 7B4D2EF71CB652AB004440E9 /* HomeViewController.m */; };
		7B4D2EFA1CB65357004440E9 /* libsqlite3.tbd in Frameworks */ = {isa = PBXBuildFile; fileRef = 7B4D2EF91CB65357004440E9 /* libsqlite3.tbd */; };
		7B4D2EFD1CB653D9004440E9 /* DataModel.m in Sources */ = {isa = PBXBuildFile; fileRef = 7B4D2EFC1CB653D9004440E9 /* DataModel.m */; };
		7B4D2F001CB65AB1004440E9 /* BookMerkDao.m in Sources */ = {isa = PBXBuildFile; fileRef = 7B4D2EFF1CB65AB1004440E9 /* BookMerkDao.m */; };
/* End PBXBuildFile section */

/* Begin PBXContainerItemProxy section */
		7B4D2EC51CB6522A004440E9 /* PBXContainerItemProxy */ = {
			isa = PBXContainerItemProxy;
			containerPortal = 7B4D2EA91CB65229004440E9 /* Project object */;
			proxyType = 1;
			remoteGlobalIDString = 7B4D2EB01CB65229004440E9;
			remoteInfo = FMDBsave;
		};
		7B4D2ED01CB6522A004440E9 /* PBXContainerItemProxy */ = {
			isa = PBXContainerItemProxy;
			containerPortal = 7B4D2EA91CB65229004440E9 /* Project object */;
			proxyType = 1;
			remoteGlobalIDString = 7B4D2EB01CB65229004440E9;
			remoteInfo = FMDBsave;
		};
/* End PBXContainerItemProxy section */

/* Begin PBXFileReference section */
		7B4D2EB11CB65229004440E9 /* FMDBsave.app */ = {isa = PBXFileReference; explicitFileType = wrapper.application; includeInIndex = 0; path = FMDBsave.app; sourceTree = BUILT_PRODUCTS_DIR; };
		7B4D2EB51CB65229004440E9 /* main.m */ = {isa = PBXFileReference; lastKnownFileType = sourcecode.c.objc; path = main.m; sourceTree = "<group>"; };
		7B4D2EB71CB65229004440E9 /* AppDelegate.h */ = {isa = PBXFileReference; lastKnownFileType = sourcecode.c.h; path = AppDelegate.h; sourceTree = "<group>"; };
		7B4D2EB81CB65229004440E9 /* AppDelegate.m */ = {isa = PBXFileReference; lastKnownFileType = sourcecode.c.objc; path = AppDelegate.m; sourceTree = "<group>"; };
		7B4D2EBA1CB65229004440E9 /* Assets.xcassets */ = {isa = PBXFileReference; lastKnownFileType = folder.assetcatalog; path = Assets.xcassets; sourceTree = "<group>"; };
		7B4D2EBD1CB65229004440E9 /* Base */ = {isa = PBXFileReference; lastKnownFileType = file.storyboard; name = Base; path = Base.lproj/LaunchScreen.storyboard; sourceTree = "<group>"; };
		7B4D2EBF1CB65229004440E9 /* Info.plist */ = {isa = PBXFileReference; lastKnownFileType = text.plist.xml; path = Info.plist; sourceTree = "<group>"; };
		7B4D2EC41CB6522A004440E9 /* FMDBsaveTests.xctest */ = {isa = PBXFileReference; explicitFileType = wrapper.cfbundle; includeInIndex = 0; path = FMDBsaveTests.xctest; sourceTree = BUILT_PRODUCTS_DIR; };
		7B4D2EC81CB6522A004440E9 /* FMDBsaveTests.m */ = {isa = PBXFileReference; lastKnownFileType = sourcecode.c.objc; path = FMDBsaveTests.m; sourceTree = "<group>"; };
		7B4D2ECA1CB6522A004440E9 /* Info.plist */ = {isa = PBXFileReference; lastKnownFileType = text.plist.xml; path = Info.plist; sourceTree = "<group>"; };
		7B4D2ECF1CB6522A004440E9 /* FMDBsaveUITests.xctest */ = {isa = PBXFileReference; explicitFileType = wrapper.cfbundle; includeInIndex = 0; path = FMDBsaveUITests.xctest; sourceTree = BUILT_PRODUCTS_DIR; };
		7B4D2ED31CB6522A004440E9 /* FMDBsaveUITests.m */ = {isa = PBXFileReference; lastKnownFileType = sourcecode.c.objc; path = FMDBsaveUITests.m; sourceTree = "<group>"; };
		7B4D2ED51CB6522A004440E9 /* Info.plist */ = {isa = PBXFileReference; lastKnownFileType = text.plist.xml; path = Info.plist; sourceTree = "<group>"; };
		7B4D2EE21CB65287004440E9 /* FMDatabase.h */ = {isa = PBXFileReference; fileEncoding = 4; lastKnownFileType = sourcecode.c.h; path = FMDatabase.h; sourceTree = "<group>"; };
		7B4D2EE31CB65287004440E9 /* FMDatabase.m */ = {isa = PBXFileReference; fileEncoding = 4; lastKnownFileType = sourcecode.c.objc; path = FMDatabase.m; sourceTree = "<group>"; };
		7B4D2EE41CB65287004440E9 /* FMDatabaseAdditions.h */ = {isa = PBXFileReference; fileEncoding = 4; lastKnownFileType = sourcecode.c.h; path = FMDatabaseAdditions.h; sourceTree = "<group>"; };
		7B4D2EE51CB65287004440E9 /* FMDatabaseAdditions.m */ = {isa = PBXFileReference; fileEncoding = 4; lastKnownFileType = sourcecode.c.objc; path = FMDatabaseAdditions.m; sourceTree = "<group>"; };
		7B4D2EE61CB65287004440E9 /* FMDatabasePool.h */ = {isa = PBXFileReference; fileEncoding = 4; lastKnownFileType = sourcecode.c.h; path = FMDatabasePool.h; sourceTree = "<group>"; };
		7B4D2EE71CB65287004440E9 /* FMDatabasePool.m */ = {isa = PBXFileReference; fileEncoding = 4; lastKnownFileType = sourcecode.c.objc; path = FMDatabasePool.m; sourceTree = "<group>"; };
		7B4D2EE81CB65287004440E9 /* FMDatabaseQueue.h */ = {isa = PBXFileReference; fileEncoding = 4; lastKnownFileType = sourcecode.c.h; path = FMDatabaseQueue.h; sourceTree = "<group>"; };
		7B4D2EE91CB65287004440E9 /* FMDatabaseQueue.m */ = {isa = PBXFileReference; fileEncoding = 4; lastKnownFileType = sourcecode.c.objc; path = FMDatabaseQueue.m; sourceTree = "<group>"; };
		7B4D2EEA1CB65287004440E9 /* FMDB.h */ = {isa = PBXFileReference; fileEncoding = 4; lastKnownFileType = sourcecode.c.h; path = FMDB.h; sourceTree = "<group>"; };
		7B4D2EEB1CB65287004440E9 /* FMResultSet.h */ = {isa = PBXFileReference; fileEncoding = 4; lastKnownFileType = sourcecode.c.h; path = FMResultSet.h; sourceTree = "<group>"; };
		7B4D2EEC1CB65287004440E9 /* FMResultSet.m */ = {isa = PBXFileReference; fileEncoding = 4; lastKnownFileType = sourcecode.c.objc; path = FMResultSet.m; sourceTree = "<group>"; };
		7B4D2EED1CB65287004440E9 /* Info.plist */ = {isa = PBXFileReference; fileEncoding = 4; lastKnownFileType = text.plist.xml; path = Info.plist; sourceTree = "<group>"; };
		7B4D2EF41CB6529D004440E9 /* Main.storyboard */ = {isa = PBXFileReference; fileEncoding = 4; lastKnownFileType = file.storyboard; path = Main.storyboard; sourceTree = "<group>"; };
		7B4D2EF61CB652AB004440E9 /* HomeViewController.h */ = {isa = PBXFileReference; fileEncoding = 4; lastKnownFileType = sourcecode.c.h; path = HomeViewController.h; sourceTree = "<group>"; };
		7B4D2EF71CB652AB004440E9 /* HomeViewController.m */ = {isa = PBXFileReference; fileEncoding = 4; lastKnownFileType = sourcecode.c.objc; path = HomeViewController.m; sourceTree = "<group>"; };
		7B4D2EF91CB65357004440E9 /* libsqlite3.tbd */ = {isa = PBXFileReference; lastKnownFileType = "sourcecode.text-based-dylib-definition"; name = libsqlite3.tbd; path = usr/lib/libsqlite3.tbd; sourceTree = SDKROOT; };
		7B4D2EFB1CB653D9004440E9 /* DataModel.h */ = {isa = PBXFileReference; fileEncoding = 4; lastKnownFileType = sourcecode.c.h; path = DataModel.h; sourceTree = "<group>"; };
		7B4D2EFC1CB653D9004440E9 /* DataModel.m */ = {isa = PBXFileReference; fileEncoding = 4; lastKnownFileType = sourcecode.c.objc; path = DataModel.m; sourceTree = "<group>"; };
		7B4D2EFE1CB65AB1004440E9 /* BookMerkDao.h */ = {isa = PBXFileReference; fileEncoding = 4; lastKnownFileType = sourcecode.c.h; path = BookMerkDao.h; sourceTree = "<group>"; };
		7B4D2EFF1CB65AB1004440E9 /* BookMerkDao.m */ = {isa = PBXFileReference; fileEncoding = 4; lastKnownFileType = sourcecode.c.objc; path = BookMerkDao.m; sourceTree = "<group>"; };
/* End PBXFileReference section */

/* Begin PBXFrameworksBuildPhase section */
		7B4D2EAE1CB65229004440E9 /* Frameworks */ = {
			isa = PBXFrameworksBuildPhase;
			buildActionMask = 2147483647;
			files = (
				7B4D2EFA1CB65357004440E9 /* libsqlite3.tbd in Frameworks */,
			);
			runOnlyForDeploymentPostprocessing = 0;
		};
		7B4D2EC11CB6522A004440E9 /* Frameworks */ = {
			isa = PBXFrameworksBuildPhase;
			buildActionMask = 2147483647;
			files = (
			);
			runOnlyForDeploymentPostprocessing = 0;
		};
		7B4D2ECC1CB6522A004440E9 /* Frameworks */ = {
			isa = PBXFrameworksBuildPhase;
			buildActionMask = 2147483647;
			files = (
			);
			runOnlyForDeploymentPostprocessing = 0;
		};
/* End PBXFrameworksBuildPhase section */

/* Begin PBXGroup section */
		7B4D2EA81CB65229004440E9 = {
			isa = PBXGroup;
			children = (
				7B4D2EF91CB65357004440E9 /* libsqlite3.tbd */,
				7B4D2EB31CB65229004440E9 /* FMDBsave */,
				7B4D2EC71CB6522A004440E9 /* FMDBsaveTests */,
				7B4D2ED21CB6522A004440E9 /* FMDBsaveUITests */,
				7B4D2EB21CB65229004440E9 /* Products */,
			);
			sourceTree = "<group>";
		};
		7B4D2EB21CB65229004440E9 /* Products */ = {
			isa = PBXGroup;
			children = (
				7B4D2EB11CB65229004440E9 /* FMDBsave.app */,
				7B4D2EC41CB6522A004440E9 /* FMDBsaveTests.xctest */,
				7B4D2ECF1CB6522A004440E9 /* FMDBsaveUITests.xctest */,
			);
			name = Products;
			sourceTree = "<group>";
		};
		7B4D2EB31CB65229004440E9 /* FMDBsave */ = {
			isa = PBXGroup;
			children = (
				7B4D2EE11CB65287004440E9 /* fmdb */,
				7B4D2EB71CB65229004440E9 /* AppDelegate.h */,
				7B4D2EB81CB65229004440E9 /* AppDelegate.m */,
				7B4D2EFB1CB653D9004440E9 /* DataModel.h */,
				7B4D2EFC1CB653D9004440E9 /* DataModel.m */,
				7B4D2EF61CB652AB004440E9 /* HomeViewController.h */,
				7B4D2EF71CB652AB004440E9 /* HomeViewController.m */,
				7B4D2EFE1CB65AB1004440E9 /* BookMerkDao.h */,
				7B4D2EFF1CB65AB1004440E9 /* BookMerkDao.m */,
				7B4D2EF41CB6529D004440E9 /* Main.storyboard */,
				7B4D2EBA1CB65229004440E9 /* Assets.xcassets */,
				7B4D2EBC1CB65229004440E9 /* LaunchScreen.storyboard */,
				7B4D2EBF1CB65229004440E9 /* Info.plist */,
				7B4D2EB41CB65229004440E9 /* Supporting Files */,
			);
			path = FMDBsave;
			sourceTree = "<group>";
		};
		7B4D2EB41CB65229004440E9 /* Supporting Files */ = {
			isa = PBXGroup;
			children = (
				7B4D2EB51CB65229004440E9 /* main.m */,
			);
			name = "Supporting Files";
			sourceTree = "<group>";
		};
		7B4D2EC71CB6522A004440E9 /* FMDBsaveTests */ = {
			isa = PBXGroup;
			children = (
				7B4D2EC81CB6522A004440E9 /* FMDBsaveTests.m */,
				7B4D2ECA1CB6522A004440E9 /* Info.plist */,
			);
			path = FMDBsaveTests;
			sourceTree = "<group>";
		};
		7B4D2ED21CB6522A004440E9 /* FMDBsaveUITests */ = {
			isa = PBXGroup;
			children = (
				7B4D2ED31CB6522A004440E9 /* FMDBsaveUITests.m */,
				7B4D2ED51CB6522A004440E9 /* Info.plist */,
			);
			path = FMDBsaveUITests;
			sourceTree = "<group>";
		};
		7B4D2EE11CB65287004440E9 /* fmdb */ = {
			isa = PBXGroup;
			children = (
				7B4D2EE21CB65287004440E9 /* FMDatabase.h */,
				7B4D2EE31CB65287004440E9 /* FMDatabase.m */,
				7B4D2EE41CB65287004440E9 /* FMDatabaseAdditions.h */,
				7B4D2EE51CB65287004440E9 /* FMDatabaseAdditions.m */,
				7B4D2EE61CB65287004440E9 /* FMDatabasePool.h */,
				7B4D2EE71CB65287004440E9 /* FMDatabasePool.m */,
				7B4D2EE81CB65287004440E9 /* FMDatabaseQueue.h */,
				7B4D2EE91CB65287004440E9 /* FMDatabaseQueue.m */,
				7B4D2EEA1CB65287004440E9 /* FMDB.h */,
				7B4D2EEB1CB65287004440E9 /* FMResultSet.h */,
				7B4D2EEC1CB65287004440E9 /* FMResultSet.m */,
				7B4D2EED1CB65287004440E9 /* Info.plist */,
			);
			path = fmdb;
			sourceTree = "<group>";
		};
/* End PBXGroup section */

/* Begin PBXNativeTarget section */
		7B4D2EB01CB65229004440E9 /* FMDBsave */ = {
			isa = PBXNativeTarget;
			buildConfigurationList = 7B4D2ED81CB6522A004440E9 /* Build configuration list for PBXNativeTarget "FMDBsave" */;
			buildPhases = (
				7B4D2EAD1CB65229004440E9 /* Sources */,
				7B4D2EAE1CB65229004440E9 /* Frameworks */,
				7B4D2EAF1CB65229004440E9 /* Resources */,
			);
			buildRules = (
			);
			dependencies = (
			);
			name = FMDBsave;
			productName = FMDBsave;
			productReference = 7B4D2EB11CB65229004440E9 /* FMDBsave.app */;
			productType = "com.apple.product-type.application";
		};
		7B4D2EC31CB6522A004440E9 /* FMDBsaveTests */ = {
			isa = PBXNativeTarget;
			buildConfigurationList = 7B4D2EDB1CB6522A004440E9 /* Build configuration list for PBXNativeTarget "FMDBsaveTests" */;
			buildPhases = (
				7B4D2EC01CB6522A004440E9 /* Sources */,
				7B4D2EC11CB6522A004440E9 /* Frameworks */,
				7B4D2EC21CB6522A004440E9 /* Resources */,
			);
			buildRules = (
			);
			dependencies = (
				7B4D2EC61CB6522A004440E9 /* PBXTargetDependency */,
			);
			name = FMDBsaveTests;
			productName = FMDBsaveTests;
			productReference = 7B4D2EC41CB6522A004440E9 /* FMDBsaveTests.xctest */;
			productType = "com.apple.product-type.bundle.unit-test";
		};
		7B4D2ECE1CB6522A004440E9 /* FMDBsaveUITests */ = {
			isa = PBXNativeTarget;
			buildConfigurationList = 7B4D2EDE1CB6522A004440E9 /* Build configuration list for PBXNativeTarget "FMDBsaveUITests" */;
			buildPhases = (
				7B4D2ECB1CB6522A004440E9 /* Sources */,
				7B4D2ECC1CB6522A004440E9 /* Frameworks */,
				7B4D2ECD1CB6522A004440E9 /* Resources */,
			);
			buildRules = (
			);
			dependencies = (
				7B4D2ED11CB6522A004440E9 /* PBXTargetDependency */,
			);
			name = FMDBsaveUITests;
			productName = FMDBsaveUITests;
			productReference = 7B4D2ECF1CB6522A004440E9 /* FMDBsaveUITests.xctest */;
			productType = "com.apple.product-type.bundle.ui-testing";
		};
/* End PBXNativeTarget section */

/* Begin PBXProject section */
		7B4D2EA91CB65229004440E9 /* Project object */ = {
			isa = PBXProject;
			attributes = {
				LastUpgradeCheck = 0730;
				ORGANIZATIONNAME = "申帅";
				TargetAttributes = {
					7B4D2EB01CB65229004440E9 = {
						CreatedOnToolsVersion = 7.3;
					};
					7B4D2EC31CB6522A004440E9 = {
						CreatedOnToolsVersion = 7.3;
						TestTargetID = 7B4D2EB01CB65229004440E9;
					};
					7B4D2ECE1CB6522A004440E9 = {
						CreatedOnToolsVersion = 7.3;
						TestTargetID = 7B4D2EB01CB65229004440E9;
					};
				};
			};
			buildConfigurationList = 7B4D2EAC1CB65229004440E9 /* Build configuration list for PBXProject "FMDBsave" */;
			compatibilityVersion = "Xcode 3.2";
			developmentRegion = English;
			hasScannedForEncodings = 0;
			knownRegions = (
				en,
				Base,
			);
			mainGroup = 7B4D2EA81CB65229004440E9;
			productRefGroup = 7B4D2EB21CB65229004440E9 /* Products */;
			projectDirPath = "";
			projectRoot = "";
			targets = (
				7B4D2EB01CB65229004440E9 /* FMDBsave */,
				7B4D2EC31CB6522A004440E9 /* FMDBsaveTests */,
				7B4D2ECE1CB6522A004440E9 /* FMDBsaveUITests */,
			);
		};
/* End PBXProject section */

/* Begin PBXResourcesBuildPhase section */
		7B4D2EAF1CB65229004440E9 /* Resources */ = {
			isa = PBXResourcesBuildPhase;
			buildActionMask = 2147483647;
			files = (
				7B4D2EBB1CB65229004440E9 /* Assets.xcassets in Resources */,
				7B4D2EBE1CB65229004440E9 /* LaunchScreen.storyboard in Resources */,
				7B4D2EF31CB65287004440E9 /* Info.plist in Resources */,
				7B4D2EF51CB6529D004440E9 /* Main.storyboard in Resources */,
			);
			runOnlyForDeploymentPostprocessing = 0;
		};
		7B4D2EC21CB6522A004440E9 /* Resources */ = {
			isa = PBXResourcesBuildPhase;
			buildActionMask = 2147483647;
			files = (
			);
			runOnlyForDeploymentPostprocessing = 0;
		};
		7B4D2ECD1CB6522A004440E9 /* Resources */ = {
			isa = PBXResourcesBuildPhase;
			buildActionMask = 2147483647;
			files = (
			);
			runOnlyForDeploymentPostprocessing = 0;
		};
/* End PBXResourcesBuildPhase section */

/* Begin PBXSourcesBuildPhase section */
		7B4D2EAD1CB65229004440E9 /* Sources */ = {
			isa = PBXSourcesBuildPhase;
			buildActionMask = 2147483647;
			files = (
				7B4D2EEE1CB65287004440E9 /* FMDatabase.m in Sources */,
				7B4D2EB91CB65229004440E9 /* AppDelegate.m in Sources */,
				7B4D2EFD1CB653D9004440E9 /* DataModel.m in Sources */,
				7B4D2EF21CB65287004440E9 /* FMResultSet.m in Sources */,
				7B4D2EF01CB65287004440E9 /* FMDatabasePool.m in Sources */,
				7B4D2EB61CB65229004440E9 /* main.m in Sources */,
				7B4D2F001CB65AB1004440E9 /* BookMerkDao.m in Sources */,
				7B4D2EEF1CB65287004440E9 /* FMDatabaseAdditions.m in Sources */,
				7B4D2EF11CB65287004440E9 /* FMDatabaseQueue.m in Sources */,
				7B4D2EF81CB652AB004440E9 /* HomeViewController.m in Sources */,
			);
			runOnlyForDeploymentPostprocessing = 0;
		};
		7B4D2EC01CB6522A004440E9 /* Sources */ = {
			isa = PBXSourcesBuildPhase;
			buildActionMask = 2147483647;
			files = (
				7B4D2EC91CB6522A004440E9 /* FMDBsaveTests.m in Sources */,
			);
			runOnlyForDeploymentPostprocessing = 0;
		};
		7B4D2ECB1CB6522A004440E9 /* Sources */ = {
			isa = PBXSourcesBuildPhase;
			buildActionMask = 2147483647;
			files = (
				7B4D2ED41CB6522A004440E9 /* FMDBsaveUITests.m in Sources */,
			);
			runOnlyForDeploymentPostprocessing = 0;
		};
/* End PBXSourcesBuildPhase section */

/* Begin PBXTargetDependency section */
		7B4D2EC61CB6522A004440E9 /* PBXTargetDependency */ = {
			isa = PBXTargetDependency;
			target = 7B4D2EB01CB65229004440E9 /* FMDBsave */;
			targetProxy = 7B4D2EC51CB6522A004440E9 /* PBXContainerItemProxy */;
		};
		7B4D2ED11CB6522A004440E9 /* PBXTargetDependency */ = {
			isa = PBXTargetDependency;
			target = 7B4D2EB01CB65229004440E9 /* FMDBsave */;
			targetProxy = 7B4D2ED01CB6522A004440E9 /* PBXContainerItemProxy */;
		};
/* End PBXTargetDependency section */

/* Begin PBXVariantGroup section */
		7B4D2EBC1CB65229004440E9 /* LaunchScreen.storyboard */ = {
			isa = PBXVariantGroup;
			children = (
				7B4D2EBD1CB65229004440E9 /* Base */,
			);
			name = LaunchScreen.storyboard;
			sourceTree = "<group>";
		};
/* End PBXVariantGroup section */

/* Begin XCBuildConfiguration section */
		7B4D2ED61CB6522A004440E9 /* Debug */ = {
			isa = XCBuildConfiguration;
			buildSettings = {
				ALWAYS_SEARCH_USER_PATHS = NO;
				CLANG_ANALYZER_NONNULL = YES;
				CLANG_CXX_LANGUAGE_STANDARD = "gnu++0x";
				CLANG_CXX_LIBRARY = "libc++";
				CLANG_ENABLE_MODULES = YES;
				CLANG_ENABLE_OBJC_ARC = YES;
				CLANG_WARN_BOOL_CONVERSION = YES;
				CLANG_WARN_CONSTANT_CONVERSION = YES;
				CLANG_WARN_DIRECT_OBJC_ISA_USAGE = YES_ERROR;
				CLANG_WARN_EMPTY_BODY = YES;
				CLANG_WARN_ENUM_CONVERSION = YES;
				CLANG_WARN_INT_CONVERSION = YES;
				CLANG_WARN_OBJC_ROOT_CLASS = YES_ERROR;
				CLANG_WARN_UNREACHABLE_CODE = YES;
				CLANG_WARN__DUPLICATE_METHOD_MATCH = YES;
				"CODE_SIGN_IDENTITY[sdk=iphoneos*]" = "iPhone Developer";
				COPY_PHASE_STRIP = NO;
				DEBUG_INFORMATION_FORMAT = dwarf;
				ENABLE_STRICT_OBJC_MSGSEND = YES;
				ENABLE_TESTABILITY = YES;
				GCC_C_LANGUAGE_STANDARD = gnu99;
				GCC_DYNAMIC_NO_PIC = NO;
				GCC_NO_COMMON_BLOCKS = YES;
				GCC_OPTIMIZATION_LEVEL = 0;
				GCC_PREPROCESSOR_DEFINITIONS = (
					"DEBUG=1",
					"$(inherited)",
				);
				GCC_WARN_64_TO_32_BIT_CONVERSION = YES;
				GCC_WARN_ABOUT_RETURN_TYPE = YES_ERROR;
				GCC_WARN_UNDECLARED_SELECTOR = YES;
				GCC_WARN_UNINITIALIZED_AUTOS = YES_AGGRESSIVE;
				GCC_WARN_UNUSED_FUNCTION = YES;
				GCC_WARN_UNUSED_VARIABLE = YES;
				IPHONEOS_DEPLOYMENT_TARGET = 9.3;
				MTL_ENABLE_DEBUG_INFO = YES;
				ONLY_ACTIVE_ARCH = YES;
				SDKROOT = iphoneos;
				TARGETED_DEVICE_FAMILY = "1,2";
			};
			name = Debug;
		};
		7B4D2ED71CB6522A004440E9 /* Release */ = {
			isa = XCBuildConfiguration;
			buildSettings = {
				ALWAYS_SEARCH_USER_PATHS = NO;
				CLANG_ANALYZER_NONNULL = YES;
				CLANG_CXX_LANGUAGE_STANDARD = "gnu++0x";
				CLANG_CXX_LIBRARY = "libc++";
				CLANG_ENABLE_MODULES = YES;
				CLANG_ENABLE_OBJC_ARC = YES;
				CLANG_WARN_BOOL_CONVERSION = YES;
				CLANG_WARN_CONSTANT_CONVERSION = YES;
				CLANG_WARN_DIRECT_OBJC_ISA_USAGE = YES_ERROR;
				CLANG_WARN_EMPTY_BODY = YES;
				CLANG_WARN_ENUM_CONVERSION = YES;
				CLANG_WARN_INT_CONVERSION = YES;
				CLANG_WARN_OBJC_ROOT_CLASS = YES_ERROR;
				CLANG_WARN_UNREACHABLE_CODE = YES;
				CLANG_WARN__DUPLICATE_METHOD_MATCH = YES;
				"CODE_SIGN_IDENTITY[sdk=iphoneos*]" = "iPhone Developer";
				COPY_PHASE_STRIP = NO;
				DEBUG_INFORMATION_FORMAT = "dwarf-with-dsym";
				ENABLE_NS_ASSERTIONS = NO;
				ENABLE_STRICT_OBJC_MSGSEND = YES;
				GCC_C_LANGUAGE_STANDARD = gnu99;
				GCC_NO_COMMON_BLOCKS = YES;
				GCC_WARN_64_TO_32_BIT_CONVERSION = YES;
				GCC_WARN_ABOUT_RETURN_TYPE = YES_ERROR;
				GCC_WARN_UNDECLARED_SELECTOR = YES;
				GCC_WARN_UNINITIALIZED_AUTOS = YES_AGGRESSIVE;
				GCC_WARN_UNUSED_FUNCTION = YES;
				GCC_WARN_UNUSED_VARIABLE = YES;
				IPHONEOS_DEPLOYMENT_TARGET = 9.3;
				MTL_ENABLE_DEBUG_INFO = NO;
				SDKROOT = iphoneos;
				TARGETED_DEVICE_FAMILY = "1,2";
				VALIDATE_PRODUCT = YES;
			};
			name = Release;
		};
		7B4D2ED91CB6522A004440E9 /* Debug */ = {
			isa = XCBuildConfiguration;
			buildSettings = {
				ASSETCATALOG_COMPILER_APPICON_NAME = AppIcon;
				INFOPLIST_FILE = FMDBsave/Info.plist;
				LD_RUNPATH_SEARCH_PATHS = "$(inherited) @executable_path/Frameworks";
				PRODUCT_BUNDLE_IDENTIFIER = com.shuai.shen.FMDBsave;
				PRODUCT_NAME = "$(TARGET_NAME)";
			};
			name = Debug;
		};
		7B4D2EDA1CB6522A004440E9 /* Release */ = {
			isa = XCBuildConfiguration;
			buildSettings = {
				ASSETCATALOG_COMPILER_APPICON_NAME = AppIcon;
				INFOPLIST_FILE = FMDBsave/Info.plist;
				LD_RUNPATH_SEARCH_PATHS = "$(inherited) @executable_path/Frameworks";
				PRODUCT_BUNDLE_IDENTIFIER = com.shuai.shen.FMDBsave;
				PRODUCT_NAME = "$(TARGET_NAME)";
			};
			name = Release;
		};
		7B4D2EDC1CB6522A004440E9 /* Debug */ = {
			isa = XCBuildConfiguration;
			buildSettings = {
				BUNDLE_LOADER = "$(TEST_HOST)";
				INFOPLIST_FILE = FMDBsaveTests/Info.plist;
				LD_RUNPATH_SEARCH_PATHS = "$(inherited) @executable_path/Frameworks @loader_path/Frameworks";
				PRODUCT_BUNDLE_IDENTIFIER = com.shuai.shen.FMDBsaveTests;
				PRODUCT_NAME = "$(TARGET_NAME)";
				TEST_HOST = "$(BUILT_PRODUCTS_DIR)/FMDBsave.app/FMDBsave";
			};
			name = Debug;
		};
		7B4D2EDD1CB6522A004440E9 /* Release */ = {
			isa = XCBuildConfiguration;
			buildSettings = {
				BUNDLE_LOADER = "$(TEST_HOST)";
				INFOPLIST_FILE = FMDBsaveTests/Info.plist;
				LD_RUNPATH_SEARCH_PATHS = "$(inherited) @executable_path/Frameworks @loader_path/Frameworks";
				PRODUCT_BUNDLE_IDENTIFIER = com.shuai.shen.FMDBsaveTests;
				PRODUCT_NAME = "$(TARGET_NAME)";
				TEST_HOST = "$(BUILT_PRODUCTS_DIR)/FMDBsave.app/FMDBsave";
			};
			name = Release;
		};
		7B4D2EDF1CB6522A004440E9 /* Debug */ = {
			isa = XCBuildConfiguration;
			buildSettings = {
				INFOPLIST_FILE = FMDBsaveUITests/Info.plist;
				LD_RUNPATH_SEARCH_PATHS = "$(inherited) @executable_path/Frameworks @loader_path/Frameworks";
				PRODUCT_BUNDLE_IDENTIFIER = com.shuai.shen.FMDBsaveUITests;
				PRODUCT_NAME = "$(TARGET_NAME)";
				TEST_TARGET_NAME = FMDBsave;
			};
			name = Debug;
		};
		7B4D2EE01CB6522A004440E9 /* Release */ = {
			isa = XCBuildConfiguration;
			buildSettings = {
				INFOPLIST_FILE = FMDBsaveUITests/Info.plist;
				LD_RUNPATH_SEARCH_PATHS = "$(inherited) @executable_path/Frameworks @loader_path/Frameworks";
				PRODUCT_BUNDLE_IDENTIFIER = com.shuai.shen.FMDBsaveUITests;
				PRODUCT_NAME = "$(TARGET_NAME)";
				TEST_TARGET_NAME = FMDBsave;
			};
			name = Release;
		};
/* End XCBuildConfiguration section */

/* Begin XCConfigurationList section */
		7B4D2EAC1CB65229004440E9 /* Build configuration list for PBXProject "FMDBsave" */ = {
			isa = XCConfigurationList;
			buildConfigurations = (
				7B4D2ED61CB6522A004440E9 /* Debug */,
				7B4D2ED71CB6522A004440E9 /* Release */,
			);
			defaultConfigurationIsVisible = 0;
			defaultConfigurationName = Release;
		};
		7B4D2ED81CB6522A004440E9 /* Build configuration list for PBXNativeTarget "FMDBsave" */ = {
			isa = XCConfigurationList;
			buildConfigurations = (
				7B4D2ED91CB6522A004440E9 /* Debug */,
				7B4D2EDA1CB6522A004440E9 /* Release */,
			);
			defaultConfigurationIsVisible = 0;
		};
		7B4D2EDB1CB6522A004440E9 /* Build configuration list for PBXNativeTarget "FMDBsaveTests" */ = {
			isa = XCConfigurationList;
			buildConfigurations = (
				7B4D2EDC1CB6522A004440E9 /* Debug */,
				7B4D2EDD1CB6522A004440E9 /* Release */,
			);
			defaultConfigurationIsVisible = 0;
		};
		7B4D2EDE1CB6522A004440E9 /* Build configuration list for PBXNativeTarget "FMDBsaveUITests" */ = {
			isa = XCConfigurationList;
			buildConfigurations = (
				7B4D2EDF1CB6522A004440E9 /* Debug */,
				7B4D2EE01CB6522A004440E9 /* Release */,
			);
			defaultConfigurationIsVisible = 0;
		};
/* End XCConfigurationList section */
	};
	rootObject = 7B4D2EA91CB65229004440E9 /* Project object */;
}
